
Microsoft Visual Studio Solution File, Format Version 12.00
# Visual Studio 15
VisualStudioVersion = 15.0.27703.2042
MinimumVisualStudioVersion = 10.0.40219.1
Project("{FAE04EC0-301F-11D3-BF4B-00C04F79EFBC}") = "USSDMonitor", "USSDMonitor\USSDMonitor.csproj", "{080C9BE3-A569-429B-A8B0-9D57CE76AD60}"
EndProject
Global
	GlobalSection(SolutionConfigurationPlatforms) = preSolution
		Debug|Any CPU = Debug|Any CPU
		Release|Any CPU = Release|Any CPU
	EndGlobalSection
	GlobalSection(ProjectConfigurationPlatforms) = postSolution
		{080C9BE3-A569-429B-A8B0-9D57CE76AD60}.Debug|Any CPU.ActiveCfg = Debug|Any CPU
		{080C9BE3-A569-429B-A8B0-9D57CE76AD60}.Debug|Any CPU.Build.0 = Debug|Any CPU
		{080C9BE3-A569-429B-A8B0-9D57CE76AD60}.Release|Any CPU.ActiveCfg = Release|Any CPU
		{080C9BE3-A569-429B-A8B0-9D57CE76AD60}.Release|Any CPU.Build.0 = Release|Any CPU
	EndGlobalSection
	GlobalSection(SolutionProperties) = preSolution
		HideSolutionNode = FALSE
	EndGlobalSection
	GlobalSection(ExtensibilityGlobals) = postSolution
		SolutionGuid = {824411B3-B51E-49D7-A21D-19322781A5BA}
	EndGlobalSection
EndGlobal
